
Microsoft Visual Studio Solution File, Format Version 12.00
# Visual Studio Version 17
VisualStudioVersion = 17.5.002.0
MinimumVisualStudioVersion = 10.0.40219.1
Project("{2150E333-8FDC-42A3-9474-1A3956D46DE8}") = "Labfiles", "Labfiles", "{925AB356-4DB7-4965-A5A4-B996060DA42C}"
EndProject
Project("{2150E333-8FDC-42A3-9474-1A3956D46DE8}") = "02-custom-document-intelligence", "02-custom-document-intelligence", "{343989F4-5960-43A1-BAB2-BDE1BD7F366E}"
EndProject
Project("{9A19103F-16F7-4668-BE54-9A1E7A4F7556}") = "test-model", "Labfiles\02-custom-document-intelligence\C-Sharp\test-model.csproj", "{A3468DBD-9877-4C0D-BBF9-F4AA32E83E07}"
EndProject
Project("{2150E333-8FDC-42A3-9474-1A3956D46DE8}") = "01-prebuild-models", "01-prebuild-models", "{8032B15B-DFAD-4853-B5FD-D094CCFD0F0F}"
EndProject
Project("{9A19103F-16F7-4668-BE54-9A1E7A4F7556}") = "invoicereader", "Labfiles\01-prebuild-models\CSharp\invoicereader.csproj", "{3D5AD766-8CED-4621-8885-80A0BF0D825E}"
EndProject
Global
	GlobalSection(SolutionConfigurationPlatforms) = preSolution
		Debug|Any CPU = Debug|Any CPU
		Release|Any CPU = Release|Any CPU
	EndGlobalSection
	GlobalSection(ProjectConfigurationPlatforms) = postSolution
		{A3468DBD-9877-4C0D-BBF9-F4AA32E83E07}.Debug|Any CPU.ActiveCfg = Debug|Any CPU
		{A3468DBD-9877-4C0D-BBF9-F4AA32E83E07}.Debug|Any CPU.Build.0 = Debug|Any CPU
		{A3468DBD-9877-4C0D-BBF9-F4AA32E83E07}.Release|Any CPU.ActiveCfg = Release|Any CPU
		{A3468DBD-9877-4C0D-BBF9-F4AA32E83E07}.Release|Any CPU.Build.0 = Release|Any CPU
		{3D5AD766-8CED-4621-8885-80A0BF0D825E}.Debug|Any CPU.ActiveCfg = Debug|Any CPU
		{3D5AD766-8CED-4621-8885-80A0BF0D825E}.Debug|Any CPU.Build.0 = Debug|Any CPU
		{3D5AD766-8CED-4621-8885-80A0BF0D825E}.Release|Any CPU.ActiveCfg = Release|Any CPU
		{3D5AD766-8CED-4621-8885-80A0BF0D825E}.Release|Any CPU.Build.0 = Release|Any CPU
	EndGlobalSection
	GlobalSection(SolutionProperties) = preSolution
		HideSolutionNode = FALSE
	EndGlobalSection
	GlobalSection(NestedProjects) = preSolution
		{343989F4-5960-43A1-BAB2-BDE1BD7F366E} = {925AB356-4DB7-4965-A5A4-B996060DA42C}
		{A3468DBD-9877-4C0D-BBF9-F4AA32E83E07} = {343989F4-5960-43A1-BAB2-BDE1BD7F366E}
		{8032B15B-DFAD-4853-B5FD-D094CCFD0F0F} = {925AB356-4DB7-4965-A5A4-B996060DA42C}
		{3D5AD766-8CED-4621-8885-80A0BF0D825E} = {8032B15B-DFAD-4853-B5FD-D094CCFD0F0F}
	EndGlobalSection
	GlobalSection(ExtensibilityGlobals) = postSolution
		SolutionGuid = {52D95C7F-C633-4CC5-AFB9-B251B9409416}
	EndGlobalSection
EndGlobal
